
Microsoft Visual Studio Solution File, Format Version 12.00
# Visual Studio Version 17
VisualStudioVersion = 17.5.33424.131
MinimumVisualStudioVersion = 10.0.40219.1
Project("{FAE04EC0-301F-11D3-BF4B-00C04F79EFBC}") = "MvcProje", "MvcProje\MvcProje.csproj", "{8FD6B490-DFF6-45B2-9C41-55AFA9491E81}"
EndProject
Project("{FAE04EC0-301F-11D3-BF4B-00C04F79EFBC}") = "entitylayer", "entitylayer\entitylayer.csproj", "{B9253B53-1C58-41FF-8499-FCE3923FD0D8}"
EndProject
Project("{FAE04EC0-301F-11D3-BF4B-00C04F79EFBC}") = "DataAccesLayer", "DataAccesLayer\DataAccesLayer.csproj", "{95B95532-7B68-4ECB-9EB7-4D9EC9CA0235}"
EndProject
Project("{FAE04EC0-301F-11D3-BF4B-00C04F79EFBC}") = "BussinnesLayer", "BussinnesLayer\BussinnesLayer.csproj", "{7F41617E-641A-4D92-B29C-E85A66596274}"
EndProject
Global
	GlobalSection(SolutionConfigurationPlatforms) = preSolution
		Debug|Any CPU = Debug|Any CPU
		Release|Any CPU = Release|Any CPU
	EndGlobalSection
	GlobalSection(ProjectConfigurationPlatforms) = postSolution
		{8FD6B490-DFF6-45B2-9C41-55AFA9491E81}.Debug|Any CPU.ActiveCfg = Debug|Any CPU
		{8FD6B490-DFF6-45B2-9C41-55AFA9491E81}.Debug|Any CPU.Build.0 = Debug|Any CPU
		{8FD6B490-DFF6-45B2-9C41-55AFA9491E81}.Release|Any CPU.ActiveCfg = Release|Any CPU
		{8FD6B490-DFF6-45B2-9C41-55AFA9491E81}.Release|Any CPU.Build.0 = Release|Any CPU
		{B9253B53-1C58-41FF-8499-FCE3923FD0D8}.Debug|Any CPU.ActiveCfg = Debug|Any CPU
		{B9253B53-1C58-41FF-8499-FCE3923FD0D8}.Debug|Any CPU.Build.0 = Debug|Any CPU
		{B9253B53-1C58-41FF-8499-FCE3923FD0D8}.Release|Any CPU.ActiveCfg = Release|Any CPU
		{B9253B53-1C58-41FF-8499-FCE3923FD0D8}.Release|Any CPU.Build.0 = Release|Any CPU
		{95B95532-7B68-4ECB-9EB7-4D9EC9CA0235}.Debug|Any CPU.ActiveCfg = Debug|Any CPU
		{95B95532-7B68-4ECB-9EB7-4D9EC9CA0235}.Debug|Any CPU.Build.0 = Debug|Any CPU
		{95B95532-7B68-4ECB-9EB7-4D9EC9CA0235}.Release|Any CPU.ActiveCfg = Release|Any CPU
		{95B95532-7B68-4ECB-9EB7-4D9EC9CA0235}.Release|Any CPU.Build.0 = Release|Any CPU
		{7F41617E-641A-4D92-B29C-E85A66596274}.Debug|Any CPU.ActiveCfg = Debug|Any CPU
		{7F41617E-641A-4D92-B29C-E85A66596274}.Debug|Any CPU.Build.0 = Debug|Any CPU
		{7F41617E-641A-4D92-B29C-E85A66596274}.Release|Any CPU.ActiveCfg = Release|Any CPU
		{7F41617E-641A-4D92-B29C-E85A66596274}.Release|Any CPU.Build.0 = Release|Any CPU
	EndGlobalSection
	GlobalSection(SolutionProperties) = preSolution
		HideSolutionNode = FALSE
	EndGlobalSection
	GlobalSection(ExtensibilityGlobals) = postSolution
		SolutionGuid = {FA6E7C0B-945D-4AB4-9416-6D28D4881B74}
	EndGlobalSection
EndGlobal
